
Microsoft Visual Studio Solution File, Format Version 12.00
# Visual Studio Version 17
VisualStudioVersion = 17.7.34031.279
MinimumVisualStudioVersion = 10.0.40219.1
Project("{FAE04EC0-301F-11D3-BF4B-00C04F79EFBC}") = "AdvertisingPortal", "AdvertisingPortal.csproj", "{F898C6DA-8389-4680-B204-B10AED4A14FD}"
EndProject
Global
	GlobalSection(SolutionConfigurationPlatforms) = preSolution
		Debug|Any CPU = Debug|Any CPU
		Release|Any CPU = Release|Any CPU
	EndGlobalSection
	GlobalSection(ProjectConfigurationPlatforms) = postSolution
		{F898C6DA-8389-4680-B204-B10AED4A14FD}.Debug|Any CPU.ActiveCfg = Debug|Any CPU
		{F898C6DA-8389-4680-B204-B10AED4A14FD}.Debug|Any CPU.Build.0 = Debug|Any CPU
		{F898C6DA-8389-4680-B204-B10AED4A14FD}.Release|Any CPU.ActiveCfg = Release|Any CPU
		{F898C6DA-8389-4680-B204-B10AED4A14FD}.Release|Any CPU.Build.0 = Release|Any CPU
	EndGlobalSection
	GlobalSection(SolutionProperties) = preSolution
		HideSolutionNode = FALSE
	EndGlobalSection
	GlobalSection(ExtensibilityGlobals) = postSolution
		SolutionGuid = {F7DC319D-629F-49BD-821B-FE6E8DC12B0A}
	EndGlobalSection
EndGlobal
